# Publiserte URI-ar for brreg-begrepskatalog — IKKJE endre eller slett eksisterande linjer.
# Nye URI-ar leggast til nedst etter publisering.
# Sist oppdatert: (ikkje publisert enno)
https://begrep.brreg.no/foretaksnavn
https://begrep.brreg.no/nestleder
https://begrep.brreg.no/aksjeklasser
https://begrep.brreg.no/samlingar/registerbegrep-2025
